# This file is generated by running "yarn install" inside your project.
# Manual changes might be lost - proceed with caution!

__metadata:
  version: 6
  cacheKey: 8

"async@npm:0.1.x":
  version: 0.1.22
  resolution: "async@npm:0.1.22"
  checksum: 0e9135551072b1f0a75b431e4d472b348d60105f2eb475b2dffc9b9f96dc771a3da750a3c1061a5f1329c205c670bb5afcaca16acc293b955de86b6c8e661bfb
  languageName: node
  linkType: hard

"bestend@workspace:.":
  version: 0.0.0-use.local
  resolution: "bestend@workspace:."
  dependencies:
    interactive-tools: ^0.0.1
    plugin: ^0.3.3
  languageName: unknown
  linkType: soft

"dref@npm:0.0.x":
  version: 0.0.6
  resolution: "dref@npm:0.0.6"
  dependencies:
    dref: 0.0.x
    structr: 0.2.x
    type-component: 0.0.x
  checksum: c2c2c5d8d40e0fa527fca779055201ca85d80c4f5d10917c11b7e53760f65a898af7bd9071083fb98ca0477eff990632ed5bcae2dc1f1fc87b1ce0a9e787dda4
  languageName: node
  linkType: hard

"interactive-tools@npm:^0.0.1":
  version: 0.0.1
  resolution: "interactive-tools@npm:0.0.1"
  checksum: 70082e9ec97ceeca06bc9e5e18b0494c90211ca184c91eec2e21c966797d7738d871d3bf7579d743d17d1e35e9842bfc550af8b641e465da025a6f362bc2de52
  languageName: node
  linkType: hard

"outcome@npm:0.0.x":
  version: 0.0.18
  resolution: "outcome@npm:0.0.18"
  checksum: 690a702a09eb2682a8c5d8b89591d48990bd15bf04b6f066295b2ec5d6f65686eff13e61808bb943ee35ac52c23910c42fa73e25f11936e33b8bc446369adc26
  languageName: node
  linkType: hard

"plugin@npm:^0.3.3":
  version: 0.3.3
  resolution: "plugin@npm:0.3.3"
  dependencies:
    async: 0.1.x
    dref: 0.0.x
    outcome: 0.0.x
    resolve: 0.2.x
    sift: 0.0.x
    step: 0.0.x
    structr: 0.2.x
    toarray: 0.0.x
    underscore: 1.4.x
  checksum: 03d5da0b34a8eda9c7e9110402467afc67fcfcba4bbe67fcfb283f93a7cea4304a9a36e97ca6788782495db1ebc9fe594f2deba1d616c10f2d0285a09cf6823e
  languageName: node
  linkType: hard

"resolve@npm:0.2.x":
  version: 0.2.8
  resolution: "resolve@npm:0.2.8"
  checksum: 97d0e8d607c2a11d67b0314592cbb053c36c3b6e4e56cb9ab8380157c3d94b6d99420ff9cf33879aaa7a11dcb1ff19890397a0cce8af43dac95ec29aceaa37ff
  languageName: node
  linkType: hard

"resolve@patch:resolve@0.2.x#~builtin<compat/resolve>":
  version: 0.2.8
  resolution: "resolve@patch:resolve@npm%3A0.2.8#~builtin<compat/resolve>::version=0.2.8&hash=3bafbf"
  checksum: 1234df4bdb006648cf31c6336352cd2d54cf44d8371b90726e3a48fa4909af91c3f16c92b3e267b6b0e9d9c18609e568b4ce228bba2d98e50ec0fdccf924ab5a
  languageName: node
  linkType: hard

"sift@npm:0.0.x":
  version: 0.0.18
  resolution: "sift@npm:0.0.18"
  checksum: 0718ef9e8940c0b1b7b8a7764915502e2b4fe285dbd7dc1dcbd618c85046bcc4e7dc751a795c3dbed96b7e0f7357a0baae43e7dbf878121b97327943de710a3a
  languageName: node
  linkType: hard

"step@npm:0.0.x":
  version: 0.0.6
  resolution: "step@npm:0.0.6"
  checksum: 168a6994263c3b98525df7e7c528a3256b8afd706075f2fa091cdcce604c71b2d437820b9112334cb4e6145b3f8887cff74c5a1052e51da5baaaded75f1e7f12
  languageName: node
  linkType: hard

"structr@npm:0.2.x":
  version: 0.2.4
  resolution: "structr@npm:0.2.4"
  checksum: fc1b13f068fa5e4e7e01bc11ff7d5179539cee367b96e4d00ca393d218ba53e0c84af8791836525236fb0a8bdec6e3d41ebd44e4df89385c4e4b69302b744063
  languageName: node
  linkType: hard

"toarray@npm:0.0.x":
  version: 0.0.1
  resolution: "toarray@npm:0.0.1"
  checksum: 90b65e13bba226dd3edb196ae4b429d99c62600986c8311f227ab878e9b34276938e725e40fd35ff24dd321917333b6d826b5b56556df303ed981b22dfc293fd
  languageName: node
  linkType: hard

"type-component@npm:0.0.x":
  version: 0.0.1
  resolution: "type-component@npm:0.0.1"
  checksum: d16f84abafe6bfa3d9f921848bb9fb0f512328bbc1b616d86ecfc878b847c2c22a96501ac64f78279a34553e809c988bfcc363fbd1ff11cf2f604c281d7c30d3
  languageName: node
  linkType: hard

"underscore@npm:1.4.x":
  version: 1.4.4
  resolution: "underscore@npm:1.4.4"
  checksum: d9d731fe7ef51fbf8cf3d1b72659a9d0da51d655a67ed866ee33d563d7ce474df37086fa9f37a2fddf85750aee5b9bf5297e80bf41024eeb447fd5e11add83ba
  languageName: node
  linkType: hard
